
Microsoft Visual Studio Solution File, Format Version 12.00
# Visual Studio 15
VisualStudioVersion = 15.0.28307.489
MinimumVisualStudioVersion = 10.0.40219.1
Project("{FAE04EC0-301F-11D3-BF4B-00C04F79EFBC}") = "HorseRacing_Rishab", "HorseRacing_Rishab\HorseRacing_Rishab.csproj", "{EED06230-7448-4CFF-A97C-4E6775A15A48}"
EndProject
Project("{FAE04EC0-301F-11D3-BF4B-00C04F79EFBC}") = "HorseRacing_RishabTests", "HorseRacing_RishabTests\HorseRacing_RishabTests.csproj", "{F6DD2CF9-7FA2-42C8-83DD-F40B697C9FF8}"
EndProject
Global
	GlobalSection(SolutionConfigurationPlatforms) = preSolution
		Debug|Any CPU = Debug|Any CPU
		Release|Any CPU = Release|Any CPU
	EndGlobalSection
	GlobalSection(ProjectConfigurationPlatforms) = postSolution
		{EED06230-7448-4CFF-A97C-4E6775A15A48}.Debug|Any CPU.ActiveCfg = Debug|Any CPU
		{EED06230-7448-4CFF-A97C-4E6775A15A48}.Debug|Any CPU.Build.0 = Debug|Any CPU
		{EED06230-7448-4CFF-A97C-4E6775A15A48}.Release|Any CPU.ActiveCfg = Release|Any CPU
		{EED06230-7448-4CFF-A97C-4E6775A15A48}.Release|Any CPU.Build.0 = Release|Any CPU
		{F6DD2CF9-7FA2-42C8-83DD-F40B697C9FF8}.Debug|Any CPU.ActiveCfg = Debug|Any CPU
		{F6DD2CF9-7FA2-42C8-83DD-F40B697C9FF8}.Debug|Any CPU.Build.0 = Debug|Any CPU
		{F6DD2CF9-7FA2-42C8-83DD-F40B697C9FF8}.Release|Any CPU.ActiveCfg = Release|Any CPU
		{F6DD2CF9-7FA2-42C8-83DD-F40B697C9FF8}.Release|Any CPU.Build.0 = Release|Any CPU
	EndGlobalSection
	GlobalSection(SolutionProperties) = preSolution
		HideSolutionNode = FALSE
	EndGlobalSection
	GlobalSection(ExtensibilityGlobals) = postSolution
		SolutionGuid = {20C868F5-672B-4ECE-A896-457F772EB8B1}
	EndGlobalSection
EndGlobal
